
Microsoft Visual Studio Solution File, Format Version 12.00
# Visual Studio Version 17
VisualStudioVersion = 17.1.32328.378
MinimumVisualStudioVersion = 10.0.40219.1
Project("{FAE04EC0-301F-11D3-BF4B-00C04F79EFBC}") = "WorkScheduleSolution", "WorkScheduleSolution.csproj", "{29E2C0C7-1DF1-4704-9209-0C0A965A5CFC}"
EndProject
Global
	GlobalSection(SolutionConfigurationPlatforms) = preSolution
		Debug|Any CPU = Debug|Any CPU
		Release|Any CPU = Release|Any CPU
	EndGlobalSection
	GlobalSection(ProjectConfigurationPlatforms) = postSolution
		{29E2C0C7-1DF1-4704-9209-0C0A965A5CFC}.Debug|Any CPU.ActiveCfg = Debug|Any CPU
		{29E2C0C7-1DF1-4704-9209-0C0A965A5CFC}.Debug|Any CPU.Build.0 = Debug|Any CPU
		{29E2C0C7-1DF1-4704-9209-0C0A965A5CFC}.Release|Any CPU.ActiveCfg = Release|Any CPU
		{29E2C0C7-1DF1-4704-9209-0C0A965A5CFC}.Release|Any CPU.Build.0 = Release|Any CPU
	EndGlobalSection
	GlobalSection(SolutionProperties) = preSolution
		HideSolutionNode = FALSE
	EndGlobalSection
	GlobalSection(ExtensibilityGlobals) = postSolution
		SolutionGuid = {75F62059-94FA-4985-AA18-4DA21C93FA77}
	EndGlobalSection
EndGlobal
